
Microsoft Visual Studio Solution File, Format Version 12.00
# Visual Studio 15
VisualStudioVersion = 15.0.28307.438
MinimumVisualStudioVersion = 10.0.40219.1
Project("{8BC9CEB8-8B4A-11D0-8D11-00A0C91BC942}") = "API_project", "API_project\API_project.vcxproj", "{B139C3B9-7548-44B3-8B15-AB3FBB4472ED}"
EndProject
Global
	GlobalSection(SolutionConfigurationPlatforms) = preSolution
		Debug|x64 = Debug|x64
		Debug|x86 = Debug|x86
		Release|x64 = Release|x64
		Release|x86 = Release|x86
	EndGlobalSection
	GlobalSection(ProjectConfigurationPlatforms) = postSolution
		{B139C3B9-7548-44B3-8B15-AB3FBB4472ED}.Debug|x64.ActiveCfg = Debug|x64
		{B139C3B9-7548-44B3-8B15-AB3FBB4472ED}.Debug|x64.Build.0 = Debug|x64
		{B139C3B9-7548-44B3-8B15-AB3FBB4472ED}.Debug|x86.ActiveCfg = Debug|Win32
		{B139C3B9-7548-44B3-8B15-AB3FBB4472ED}.Debug|x86.Build.0 = Debug|Win32
		{B139C3B9-7548-44B3-8B15-AB3FBB4472ED}.Release|x64.ActiveCfg = Release|x64
		{B139C3B9-7548-44B3-8B15-AB3FBB4472ED}.Release|x64.Build.0 = Release|x64
		{B139C3B9-7548-44B3-8B15-AB3FBB4472ED}.Release|x86.ActiveCfg = Release|Win32
		{B139C3B9-7548-44B3-8B15-AB3FBB4472ED}.Release|x86.Build.0 = Release|Win32
	EndGlobalSection
	GlobalSection(SolutionProperties) = preSolution
		HideSolutionNode = FALSE
	EndGlobalSection
	GlobalSection(ExtensibilityGlobals) = postSolution
		SolutionGuid = {220511B3-C02A-4849-A7A2-FCC09FE9C61D}
	EndGlobalSection
EndGlobal
