
Microsoft Visual Studio Solution File, Format Version 12.00
# Visual Studio 15
VisualStudioVersion = 15.0.28307.438
MinimumVisualStudioVersion = 10.0.40219.1
Project("{8BC9CEB8-8B4A-11D0-8D11-00A0C91BC942}") = "change_color_move_o", "change_color_move_o\change_color_move_o.vcxproj", "{D5AA5853-B8E0-41CE-A542-4ED720841DB4}"
EndProject
Global
	GlobalSection(SolutionConfigurationPlatforms) = preSolution
		Debug|x64 = Debug|x64
		Debug|x86 = Debug|x86
		Release|x64 = Release|x64
		Release|x86 = Release|x86
	EndGlobalSection
	GlobalSection(ProjectConfigurationPlatforms) = postSolution
		{D5AA5853-B8E0-41CE-A542-4ED720841DB4}.Debug|x64.ActiveCfg = Debug|x64
		{D5AA5853-B8E0-41CE-A542-4ED720841DB4}.Debug|x64.Build.0 = Debug|x64
		{D5AA5853-B8E0-41CE-A542-4ED720841DB4}.Debug|x86.ActiveCfg = Debug|Win32
		{D5AA5853-B8E0-41CE-A542-4ED720841DB4}.Debug|x86.Build.0 = Debug|Win32
		{D5AA5853-B8E0-41CE-A542-4ED720841DB4}.Release|x64.ActiveCfg = Release|x64
		{D5AA5853-B8E0-41CE-A542-4ED720841DB4}.Release|x64.Build.0 = Release|x64
		{D5AA5853-B8E0-41CE-A542-4ED720841DB4}.Release|x86.ActiveCfg = Release|Win32
		{D5AA5853-B8E0-41CE-A542-4ED720841DB4}.Release|x86.Build.0 = Release|Win32
	EndGlobalSection
	GlobalSection(SolutionProperties) = preSolution
		HideSolutionNode = FALSE
	EndGlobalSection
	GlobalSection(ExtensibilityGlobals) = postSolution
		SolutionGuid = {650F3A12-E6E5-4525-B728-81576A583716}
	EndGlobalSection
EndGlobal
